
Microsoft Visual Studio Solution File, Format Version 12.00
# Visual Studio Version 16
VisualStudioVersion = 16.0.29326.143
MinimumVisualStudioVersion = 10.0.40219.1
Project("{8BC9CEB8-8B4A-11D0-8D11-00A0C91BC942}") = "Projekt", "Projekt\Projekt.vcxproj", "{4FF18C6B-9C92-4796-A0C7-E1514DF599DF}"
EndProject
Global
	GlobalSection(SolutionConfigurationPlatforms) = preSolution
		Debug|x64 = Debug|x64
		Debug|x86 = Debug|x86
		Release|x64 = Release|x64
		Release|x86 = Release|x86
	EndGlobalSection
	GlobalSection(ProjectConfigurationPlatforms) = postSolution
		{4FF18C6B-9C92-4796-A0C7-E1514DF599DF}.Debug|x64.ActiveCfg = Debug|x64
		{4FF18C6B-9C92-4796-A0C7-E1514DF599DF}.Debug|x64.Build.0 = Debug|x64
		{4FF18C6B-9C92-4796-A0C7-E1514DF599DF}.Debug|x86.ActiveCfg = Debug|Win32
		{4FF18C6B-9C92-4796-A0C7-E1514DF599DF}.Debug|x86.Build.0 = Debug|Win32
		{4FF18C6B-9C92-4796-A0C7-E1514DF599DF}.Release|x64.ActiveCfg = Release|x64
		{4FF18C6B-9C92-4796-A0C7-E1514DF599DF}.Release|x64.Build.0 = Release|x64
		{4FF18C6B-9C92-4796-A0C7-E1514DF599DF}.Release|x86.ActiveCfg = Release|Win32
		{4FF18C6B-9C92-4796-A0C7-E1514DF599DF}.Release|x86.Build.0 = Release|Win32
	EndGlobalSection
	GlobalSection(SolutionProperties) = preSolution
		HideSolutionNode = FALSE
	EndGlobalSection
	GlobalSection(ExtensibilityGlobals) = postSolution
		SolutionGuid = {C0584249-A835-456A-849D-10D65C84613D}
	EndGlobalSection
EndGlobal
